<Solution>
  <Folder Name="/Solution Items/">
    <File Path="README.md" />
  </Folder>
  <Project Path="src/KwanTam.BackendServer/KwanTam.BackendServer.csproj" />
  <Project Path="src/KwanTam.ViewModels/KwanTam.ViewModels.csproj" />
  <Project Path="src/KwanTam.WebPortal/KwanTam.WebPortal.csproj" />
</Solution>
